
Microsoft Visual Studio Solution File, Format Version 12.00
# Visual Studio Version 17
VisualStudioVersion = 17.9.34622.214
MinimumVisualStudioVersion = 10.0.40219.1
Project("{FAE04EC0-301F-11D3-BF4B-00C04F79EFBC}") = "IntroLINQ", "IntroLINQ\IntroLINQ.csproj", "{658E78C9-1EB2-4247-AE80-FCCE730533A9}"
EndProject
Global
	GlobalSection(SolutionConfigurationPlatforms) = preSolution
		Debug|Any CPU = Debug|Any CPU
		Release|Any CPU = Release|Any CPU
	EndGlobalSection
	GlobalSection(ProjectConfigurationPlatforms) = postSolution
		{658E78C9-1EB2-4247-AE80-FCCE730533A9}.Debug|Any CPU.ActiveCfg = Debug|Any CPU
		{658E78C9-1EB2-4247-AE80-FCCE730533A9}.Debug|Any CPU.Build.0 = Debug|Any CPU
		{658E78C9-1EB2-4247-AE80-FCCE730533A9}.Release|Any CPU.ActiveCfg = Release|Any CPU
		{658E78C9-1EB2-4247-AE80-FCCE730533A9}.Release|Any CPU.Build.0 = Release|Any CPU
	EndGlobalSection
	GlobalSection(SolutionProperties) = preSolution
		HideSolutionNode = FALSE
	EndGlobalSection
	GlobalSection(ExtensibilityGlobals) = postSolution
		SolutionGuid = {99920394-5685-47FF-928F-171352148489}
	EndGlobalSection
EndGlobal
